
Microsoft Visual Studio Solution File, Format Version 12.00
# Visual Studio Version 17
VisualStudioVersion = 17.4.33205.214
MinimumVisualStudioVersion = 10.0.40219.1
Project("{FAE04EC0-301F-11D3-BF4B-00C04F79EFBC}") = "BitirmeProjesi", "BitirmeProjesi\BitirmeProjesi.csproj", "{C9AC71F0-46DD-4D35-A9CD-28957B3E1977}"
EndProject
Global
	GlobalSection(SolutionConfigurationPlatforms) = preSolution
		Debug|Any CPU = Debug|Any CPU
		Release|Any CPU = Release|Any CPU
	EndGlobalSection
	GlobalSection(ProjectConfigurationPlatforms) = postSolution
		{C9AC71F0-46DD-4D35-A9CD-28957B3E1977}.Debug|Any CPU.ActiveCfg = Debug|Any CPU
		{C9AC71F0-46DD-4D35-A9CD-28957B3E1977}.Debug|Any CPU.Build.0 = Debug|Any CPU
		{C9AC71F0-46DD-4D35-A9CD-28957B3E1977}.Release|Any CPU.ActiveCfg = Release|Any CPU
		{C9AC71F0-46DD-4D35-A9CD-28957B3E1977}.Release|Any CPU.Build.0 = Release|Any CPU
	EndGlobalSection
	GlobalSection(SolutionProperties) = preSolution
		HideSolutionNode = FALSE
	EndGlobalSection
	GlobalSection(ExtensibilityGlobals) = postSolution
		SolutionGuid = {E9FB4F78-90E3-48B0-B6CF-072C6C716383}
	EndGlobalSection
EndGlobal
