
Microsoft Visual Studio Solution File, Format Version 12.00
# Visual Studio Version 17
VisualStudioVersion = 17.3.32825.248
MinimumVisualStudioVersion = 10.0.40219.1
Project("{FAE04EC0-301F-11D3-BF4B-00C04F79EFBC}") = "BasicCrudProject", "BasicCrudProject\BasicCrudProject.csproj", "{A23E4DBD-0843-4B7B-9DB3-FD72164D930B}"
EndProject
Global
	GlobalSection(SolutionConfigurationPlatforms) = preSolution
		Debug|Any CPU = Debug|Any CPU
		Release|Any CPU = Release|Any CPU
	EndGlobalSection
	GlobalSection(ProjectConfigurationPlatforms) = postSolution
		{A23E4DBD-0843-4B7B-9DB3-FD72164D930B}.Debug|Any CPU.ActiveCfg = Debug|Any CPU
		{A23E4DBD-0843-4B7B-9DB3-FD72164D930B}.Debug|Any CPU.Build.0 = Debug|Any CPU
		{A23E4DBD-0843-4B7B-9DB3-FD72164D930B}.Release|Any CPU.ActiveCfg = Release|Any CPU
		{A23E4DBD-0843-4B7B-9DB3-FD72164D930B}.Release|Any CPU.Build.0 = Release|Any CPU
	EndGlobalSection
	GlobalSection(SolutionProperties) = preSolution
		HideSolutionNode = FALSE
	EndGlobalSection
	GlobalSection(ExtensibilityGlobals) = postSolution
		SolutionGuid = {EEEF1A69-527F-487E-8812-6060D1D40E03}
	EndGlobalSection
EndGlobal
